
Microsoft Visual Studio Solution File, Format Version 12.00
# Visual Studio 15
VisualStudioVersion = 15.0.27130.2036
MinimumVisualStudioVersion = 10.0.40219.1
Project("{FAE04EC0-301F-11D3-BF4B-00C04F79EFBC}") = "MyCourseUTS", "MyCourseUTS\MyCourseUTS.csproj", "{C76B8E1B-1EDB-4C14-ACFC-25C6085C05E8}"
EndProject
Project("{FAE04EC0-301F-11D3-BF4B-00C04F79EFBC}") = "MyCourseUTS.DataModel", "MyCourseUTS.DataModel\MyCourseUTS.DataModel.csproj", "{0AFEBA99-9C57-445E-964D-46EA0984ABB6}"
EndProject
Project("{FAE04EC0-301F-11D3-BF4B-00C04F79EFBC}") = "MyCourseUTS.Manager", "MyCourseUTS.Manager\MyCourseUTS.Manager.csproj", "{CA4DB6E8-62AD-47ED-9DAC-D27EE5C16373}"
EndProject
Project("{FAE04EC0-301F-11D3-BF4B-00C04F79EFBC}") = "MyCourseUTS.Entity", "MyCourseUTS.Entity\MyCourseUTS.Entity.csproj", "{DA69C258-4108-44F5-93AC-5742E2844CB8}"
EndProject
Project("{FAE04EC0-301F-11D3-BF4B-00C04F79EFBC}") = "MyCourseUTS.API", "MyCourseUTS.API\MyCourseUTS.API.csproj", "{A556722A-502D-4E98-8577-3CBA575DFFCD}"
EndProject
Global
	GlobalSection(SolutionConfigurationPlatforms) = preSolution
		Debug|Any CPU = Debug|Any CPU
		Release|Any CPU = Release|Any CPU
	EndGlobalSection
	GlobalSection(ProjectConfigurationPlatforms) = postSolution
		{C76B8E1B-1EDB-4C14-ACFC-25C6085C05E8}.Debug|Any CPU.ActiveCfg = Debug|Any CPU
		{C76B8E1B-1EDB-4C14-ACFC-25C6085C05E8}.Debug|Any CPU.Build.0 = Debug|Any CPU
		{C76B8E1B-1EDB-4C14-ACFC-25C6085C05E8}.Release|Any CPU.ActiveCfg = Release|Any CPU
		{C76B8E1B-1EDB-4C14-ACFC-25C6085C05E8}.Release|Any CPU.Build.0 = Release|Any CPU
		{0AFEBA99-9C57-445E-964D-46EA0984ABB6}.Debug|Any CPU.ActiveCfg = Debug|Any CPU
		{0AFEBA99-9C57-445E-964D-46EA0984ABB6}.Debug|Any CPU.Build.0 = Debug|Any CPU
		{0AFEBA99-9C57-445E-964D-46EA0984ABB6}.Release|Any CPU.ActiveCfg = Release|Any CPU
		{0AFEBA99-9C57-445E-964D-46EA0984ABB6}.Release|Any CPU.Build.0 = Release|Any CPU
		{CA4DB6E8-62AD-47ED-9DAC-D27EE5C16373}.Debug|Any CPU.ActiveCfg = Debug|Any CPU
		{CA4DB6E8-62AD-47ED-9DAC-D27EE5C16373}.Debug|Any CPU.Build.0 = Debug|Any CPU
		{CA4DB6E8-62AD-47ED-9DAC-D27EE5C16373}.Release|Any CPU.ActiveCfg = Release|Any CPU
		{CA4DB6E8-62AD-47ED-9DAC-D27EE5C16373}.Release|Any CPU.Build.0 = Release|Any CPU
		{DA69C258-4108-44F5-93AC-5742E2844CB8}.Debug|Any CPU.ActiveCfg = Debug|Any CPU
		{DA69C258-4108-44F5-93AC-5742E2844CB8}.Debug|Any CPU.Build.0 = Debug|Any CPU
		{DA69C258-4108-44F5-93AC-5742E2844CB8}.Release|Any CPU.ActiveCfg = Release|Any CPU
		{DA69C258-4108-44F5-93AC-5742E2844CB8}.Release|Any CPU.Build.0 = Release|Any CPU
		{A556722A-502D-4E98-8577-3CBA575DFFCD}.Debug|Any CPU.ActiveCfg = Debug|Any CPU
		{A556722A-502D-4E98-8577-3CBA575DFFCD}.Debug|Any CPU.Build.0 = Debug|Any CPU
		{A556722A-502D-4E98-8577-3CBA575DFFCD}.Release|Any CPU.ActiveCfg = Release|Any CPU
		{A556722A-502D-4E98-8577-3CBA575DFFCD}.Release|Any CPU.Build.0 = Release|Any CPU
	EndGlobalSection
	GlobalSection(SolutionProperties) = preSolution
		HideSolutionNode = FALSE
	EndGlobalSection
	GlobalSection(ExtensibilityGlobals) = postSolution
		SolutionGuid = {F93FC967-172C-4F6A-95DD-D8D715DB4F64}
	EndGlobalSection
EndGlobal
